<Solution>
  <Folder Name="/Elementy rozwiązania/">
    <File Path=".env" />
    <File Path=".env.examle" />
  </Folder>
  <Folder Name="/src/">
    <Project Path="src/RoomReservation.Api/RoomReservation.Api.csproj" />
    <Project Path="src/RoomReservation.Core/RoomReservation.Core.csproj" />
  </Folder>
  <Folder Name="/tests/">
    <Project Path="tests/RoomReservation.Core.Tests/RoomReservation.Core.Tests.csproj" />
  </Folder>
  <Project Path="docker-compose.dcproj">
    <Build />
  </Project>
</Solution>
